{
    "name": "swap-v2-headless-example",
    "lockfileVersion": 3,
    "requires": true,
    "packages": {
        "": {
            "name": "swap-v2-headless-example",
            "dependencies": {
                "dotenv": "^16.4.5",
                "qs": "^6.12.1",
                "viem": "^2.17.3"
            },
            "devDependencies": {
                "@types/bun": "latest",
                "@types/dotenv": "^8.2.0"
            },
            "peerDependencies": {
                "typescript": "^5.0.0"
            }
        },
        "node_modules/@adraffy/ens-normalize": {
            "version": "1.10.0",
            "license": "MIT"
        },
        "node_modules/@noble/curves": {
            "version": "1.4.0",
            "resolved": "https://registry.npmjs.org/@noble/curves/-/curves-1.4.0.tgz",
            "integrity": "sha512-p+4cb332SFCrReJkCYe8Xzm0OWi4Jji5jVdIZRL/PmacmDkFNw6MrrV+gGpiPxLHbV+zKFRywUWbaseT+tZRXg==",
            "dependencies": {
                "@noble/hashes": "1.4.0"
            },
            "funding": {
                "url": "https://paulmillr.com/funding/"
            }
        },
        "node_modules/@noble/hashes": {
            "version": "1.4.0",
            "resolved": "https://registry.npmjs.org/@noble/hashes/-/hashes-1.4.0.tgz",
            "integrity": "sha512-V1JJ1WTRUqHHrOSh597hURcMqVKVGL/ea3kv0gSnEdsEZ0/+VyPghM1lMNGc00z7CIQorSvbKpuJkxvuHbvdbg==",
            "engines": {
                "node": ">= 16"
            },
            "funding": {
                "url": "https://paulmillr.com/funding/"
            }
        },
        "node_modules/@scure/base": {
            "version": "1.1.7",
            "resolved": "https://registry.npmjs.org/@scure/base/-/base-1.1.7.tgz",
            "integrity": "sha512-PPNYBslrLNNUQ/Yad37MHYsNQtK67EhWb6WtSvNLLPo7SdVZgkUjD6Dg+5On7zNwmskf8OX7I7Nx5oN+MIWE0g==",
            "funding": {
                "url": "https://paulmillr.com/funding/"
            }
        },
        "node_modules/@scure/bip32": {
            "version": "1.4.0",
            "resolved": "https://registry.npmjs.org/@scure/bip32/-/bip32-1.4.0.tgz",
            "integrity": "sha512-sVUpc0Vq3tXCkDGYVWGIZTRfnvu8LoTDaev7vbwh0omSvVORONr960MQWdKqJDCReIEmTj3PAr73O3aoxz7OPg==",
            "dependencies": {
                "@noble/curves": "~1.4.0",
                "@noble/hashes": "~1.4.0",
                "@scure/base": "~1.1.6"
            },
            "funding": {
                "url": "https://paulmillr.com/funding/"
            }
        },
        "node_modules/@scure/bip39": {
            "version": "1.3.0",
            "resolved": "https://registry.npmjs.org/@scure/bip39/-/bip39-1.3.0.tgz",
            "integrity": "sha512-disdg7gHuTDZtY+ZdkmLpPCk7fxZSu3gBiEGuoC1XYxv9cGx3Z6cpTggCgW6odSOOIXCiDjuGejW+aJKCY/pIQ==",
            "dependencies": {
                "@noble/hashes": "~1.4.0",
                "@scure/base": "~1.1.6"
            },
            "funding": {
                "url": "https://paulmillr.com/funding/"
            }
        },
        "node_modules/@types/bun": {
            "version": "1.1.6",
            "resolved": "https://registry.npmjs.org/@types/bun/-/bun-1.1.6.tgz",
            "integrity": "sha512-uJgKjTdX0GkWEHZzQzFsJkWp5+43ZS7HC8sZPFnOwnSo1AsNl2q9o2bFeS23disNDqbggEgyFkKCHl/w8iZsMA==",
            "dev": true,
            "dependencies": {
                "bun-types": "1.1.17"
            }
        },
        "node_modules/@types/dotenv": {
            "version": "8.2.0",
            "dev": true,
            "license": "MIT",
            "dependencies": {
                "dotenv": "*"
            }
        },
        "node_modules/@types/node": {
            "version": "20.12.14",
            "resolved": "https://registry.npmjs.org/@types/node/-/node-20.12.14.tgz",
            "integrity": "sha512-scnD59RpYD91xngrQQLGkE+6UrHUPzeKZWhhjBSa3HSkwjbQc38+q3RoIVEwxQGRw3M+j5hpNAM+lgV3cVormg==",
            "dev": true,
            "dependencies": {
                "undici-types": "~5.26.4"
            }
        },
        "node_modules/@types/ws": {
            "version": "8.5.10",
            "resolved": "https://registry.npmjs.org/@types/ws/-/ws-8.5.10.tgz",
            "integrity": "sha512-vmQSUcfalpIq0R9q7uTo2lXs6eGIpt9wtnLdMv9LVpIjCA/+ufZRozlVoVelIYixx1ugCBKDhn89vnsEGOCx9A==",
            "dev": true,
            "dependencies": {
                "@types/node": "*"
            }
        },
        "node_modules/abitype": {
            "version": "1.0.5",
            "resolved": "https://registry.npmjs.org/abitype/-/abitype-1.0.5.tgz",
            "integrity": "sha512-YzDhti7cjlfaBhHutMaboYB21Ha3rXR9QTkNJFzYC4kC8YclaiwPBBBJY8ejFdu2wnJeZCVZSMlQJ7fi8S6hsw==",
            "funding": {
                "url": "https://github.com/sponsors/wevm"
            },
            "peerDependencies": {
                "typescript": ">=5.0.4",
                "zod": "^3 >=3.22.0"
            },
            "peerDependenciesMeta": {
                "typescript": {
                    "optional": true
                },
                "zod": {
                    "optional": true
                }
            }
        },
        "node_modules/bun-types": {
            "version": "1.1.17",
            "resolved": "https://registry.npmjs.org/bun-types/-/bun-types-1.1.17.tgz",
            "integrity": "sha512-Z4+OplcSd/YZq7ZsrfD00DKJeCwuNY96a1IDJyR73+cTBaFIS7SC6LhpY/W3AMEXO9iYq5NJ58WAwnwL1p5vKg==",
            "dev": true,
            "dependencies": {
                "@types/node": "~20.12.8",
                "@types/ws": "~8.5.10"
            }
        },
        "node_modules/call-bind": {
            "version": "1.0.7",
            "license": "MIT",
            "dependencies": {
                "es-define-property": "^1.0.0",
                "es-errors": "^1.3.0",
                "function-bind": "^1.1.2",
                "get-intrinsic": "^1.2.4",
                "set-function-length": "^1.2.1"
            },
            "engines": {
                "node": ">= 0.4"
            },
            "funding": {
                "url": "https://github.com/sponsors/ljharb"
            }
        },
        "node_modules/define-data-property": {
            "version": "1.1.4",
            "license": "MIT",
            "dependencies": {
                "es-define-property": "^1.0.0",
                "es-errors": "^1.3.0",
                "gopd": "^1.0.1"
            },
            "engines": {
                "node": ">= 0.4"
            },
            "funding": {
                "url": "https://github.com/sponsors/ljharb"
            }
        },
        "node_modules/dotenv": {
            "version": "16.4.5",
            "license": "BSD-2-Clause",
            "engines": {
                "node": ">=12"
            },
            "funding": {
                "url": "https://dotenvx.com"
            }
        },
        "node_modules/es-define-property": {
            "version": "1.0.0",
            "license": "MIT",
            "dependencies": {
                "get-intrinsic": "^1.2.4"
            },
            "engines": {
                "node": ">= 0.4"
            }
        },
        "node_modules/es-errors": {
            "version": "1.3.0",
            "license": "MIT",
            "engines": {
                "node": ">= 0.4"
            }
        },
        "node_modules/function-bind": {
            "version": "1.1.2",
            "license": "MIT",
            "funding": {
                "url": "https://github.com/sponsors/ljharb"
            }
        },
        "node_modules/get-intrinsic": {
            "version": "1.2.4",
            "license": "MIT",
            "dependencies": {
                "es-errors": "^1.3.0",
                "function-bind": "^1.1.2",
                "has-proto": "^1.0.1",
                "has-symbols": "^1.0.3",
                "hasown": "^2.0.0"
            },
            "engines": {
                "node": ">= 0.4"
            },
            "funding": {
                "url": "https://github.com/sponsors/ljharb"
            }
        },
        "node_modules/gopd": {
            "version": "1.0.1",
            "license": "MIT",
            "dependencies": {
                "get-intrinsic": "^1.1.3"
            },
            "funding": {
                "url": "https://github.com/sponsors/ljharb"
            }
        },
        "node_modules/has-property-descriptors": {
            "version": "1.0.2",
            "license": "MIT",
            "dependencies": {
                "es-define-property": "^1.0.0"
            },
            "funding": {
                "url": "https://github.com/sponsors/ljharb"
            }
        },
        "node_modules/has-proto": {
            "version": "1.0.3",
            "license": "MIT",
            "engines": {
                "node": ">= 0.4"
            },
            "funding": {
                "url": "https://github.com/sponsors/ljharb"
            }
        },
        "node_modules/has-symbols": {
            "version": "1.0.3",
            "license": "MIT",
            "engines": {
                "node": ">= 0.4"
            },
            "funding": {
                "url": "https://github.com/sponsors/ljharb"
            }
        },
        "node_modules/hasown": {
            "version": "2.0.2",
            "license": "MIT",
            "dependencies": {
                "function-bind": "^1.1.2"
            },
            "engines": {
                "node": ">= 0.4"
            }
        },
        "node_modules/isows": {
            "version": "1.0.4",
            "funding": [
                {
                    "type": "github",
                    "url": "https://github.com/sponsors/wagmi-dev"
                }
            ],
            "license": "MIT",
            "peerDependencies": {
                "ws": "*"
            }
        },
        "node_modules/object-inspect": {
            "version": "1.13.2",
            "license": "MIT",
            "engines": {
                "node": ">= 0.4"
            },
            "funding": {
                "url": "https://github.com/sponsors/ljharb"
            }
        },
        "node_modules/qs": {
            "version": "6.12.1",
            "license": "BSD-3-Clause",
            "dependencies": {
                "side-channel": "^1.0.6"
            },
            "engines": {
                "node": ">=0.6"
            },
            "funding": {
                "url": "https://github.com/sponsors/ljharb"
            }
        },
        "node_modules/set-function-length": {
            "version": "1.2.2",
            "license": "MIT",
            "dependencies": {
                "define-data-property": "^1.1.4",
                "es-errors": "^1.3.0",
                "function-bind": "^1.1.2",
                "get-intrinsic": "^1.2.4",
                "gopd": "^1.0.1",
                "has-property-descriptors": "^1.0.2"
            },
            "engines": {
                "node": ">= 0.4"
            }
        },
        "node_modules/side-channel": {
            "version": "1.0.6",
            "license": "MIT",
            "dependencies": {
                "call-bind": "^1.0.7",
                "es-errors": "^1.3.0",
                "get-intrinsic": "^1.2.4",
                "object-inspect": "^1.13.1"
            },
            "engines": {
                "node": ">= 0.4"
            },
            "funding": {
                "url": "https://github.com/sponsors/ljharb"
            }
        },
        "node_modules/typescript": {
            "version": "5.5.2",
            "license": "Apache-2.0",
            "peer": true,
            "bin": {
                "tsc": "bin/tsc",
                "tsserver": "bin/tsserver"
            },
            "engines": {
                "node": ">=14.17"
            }
        },
        "node_modules/undici-types": {
            "version": "5.26.5",
            "resolved": "https://registry.npmjs.org/undici-types/-/undici-types-5.26.5.tgz",
            "integrity": "sha512-JlCMO+ehdEIKqlFxk6IfVoAUVmgz7cU7zD/h9XZ0qzeosSHmUJVOzSQvvYSYWXkFXC+IfLKSIffhv0sVZup6pA==",
            "dev": true
        },
        "node_modules/viem": {
            "version": "2.17.3",
            "resolved": "https://registry.npmjs.org/viem/-/viem-2.17.3.tgz",
            "integrity": "sha512-FY/1uBQWfko4Esy8mU1RamvL64TLy91LZwFyQJ20E6AI3vTTEOctWfSn0pkMKa3okq4Gxs5dJE7q1hmWOQ7xcw==",
            "funding": [
                {
                    "type": "github",
                    "url": "https://github.com/sponsors/wevm"
                }
            ],
            "dependencies": {
                "@adraffy/ens-normalize": "1.10.0",
                "@noble/curves": "1.4.0",
                "@noble/hashes": "1.4.0",
                "@scure/bip32": "1.4.0",
                "@scure/bip39": "1.3.0",
                "abitype": "1.0.5",
                "isows": "1.0.4",
                "ws": "8.17.1"
            },
            "peerDependencies": {
                "typescript": ">=5.0.4"
            },
            "peerDependenciesMeta": {
                "typescript": {
                    "optional": true
                }
            }
        },
        "node_modules/ws": {
            "version": "8.17.1",
            "license": "MIT",
            "engines": {
                "node": ">=10.0.0"
            },
            "peerDependencies": {
                "bufferutil": "^4.0.1",
                "utf-8-validate": ">=5.0.2"
            },
            "peerDependenciesMeta": {
                "bufferutil": {
                    "optional": true
                },
                "utf-8-validate": {
                    "optional": true
                }
            }
        }
    }
}
